// !$*UTF8*$!
{
	archiveVersion = 1;
	classes = {
	};
	objectVersion = 46;
	objects = {

/* Begin PBXBuildFile section */
		1D60589B0D05DD56006BFB54 /* main.m in Sources */ = {isa = PBXBuildFile; fileRef = 29B97316FDCFA39411CA2CEA /* main.m */; };
		1D60589F0D05DD5A006BFB54 /* Foundation.framework in Frameworks */ = {isa = PBXBuildFile; fileRef = 1D30AB110D05D00D00671497 /* Foundation.framework */; };
		1DF5F4E00D08C38300B7A737 /* UIKit.framework in Frameworks */ = {isa = PBXBuildFile; fileRef = 1DF5F4DF0D08C38300B7A737 /* UIKit.framework */; };
		2860E328111B887F00E27156 /* ApplicationDelegate.m in Sources */ = {isa = PBXBuildFile; fileRef = 2860E326111B887F00E27156 /* ApplicationDelegate.m */; };
		6AAF12AC12B8DDED0010B874 /* Icon-72.png in Resources */ = {isa = PBXBuildFile; fileRef = 6AAF12A612B8DDEB0010B874 /* Icon-72.png */; };
		6AAF12AD12B8DDED0010B874 /* Icon-Small-50.png in Resources */ = {isa = PBXBuildFile; fileRef = 6AAF12A712B8DDEC0010B874 /* Icon-Small-50.png */; };
		6AAF12AE12B8DDED0010B874 /* Icon-Small.png in Resources */ = {isa = PBXBuildFile; fileRef = 6AAF12A812B8DDEC0010B874 /* Icon-Small.png */; };
		6AAF12AF12B8DDED0010B874 /* Icon-Small@2x.png in Resources */ = {isa = PBXBuildFile; fileRef = 6AAF12A912B8DDEC0010B874 /* Icon-Small@2x.png */; };
		6AAF12B012B8DDED0010B874 /* Icon.png in Resources */ = {isa = PBXBuildFile; fileRef = 6AAF12AA12B8DDEC0010B874 /* Icon.png */; };
		6AAF12B112B8DDED0010B874 /* Icon@2x.png in Resources */ = {isa = PBXBuildFile; fileRef = 6AAF12AB12B8DDEC0010B874 /* Icon@2x.png */; };
		6AAF12B312B8DE730010B874 /* Settings.bundle in Resources */ = {isa = PBXBuildFile; fileRef = 6AAF12B212B8DE730010B874 /* Settings.bundle */; };
		6AC6C1CF129BE3FD00691D8C /* BluetoothManager.framework in Frameworks */ = {isa = PBXBuildFile; fileRef = 6AC6C1CE129BE3FD00691D8C /* BluetoothManager.framework */; };
/* End PBXBuildFile section */

/* Begin PBXFileReference section */
		1D30AB110D05D00D00671497 /* Foundation.framework */ = {isa = PBXFileReference; lastKnownFileType = wrapper.framework; name = Foundation.framework; path = System/Library/Frameworks/Foundation.framework; sourceTree = SDKROOT; };
		1D6058910D05DD3D006BFB54 /* BluetoothSwitcher.app */ = {isa = PBXFileReference; explicitFileType = wrapper.application; includeInIndex = 0; path = BluetoothSwitcher.app; sourceTree = BUILT_PRODUCTS_DIR; };
		1DF5F4DF0D08C38300B7A737 /* UIKit.framework */ = {isa = PBXFileReference; lastKnownFileType = wrapper.framework; name = UIKit.framework; path = System/Library/Frameworks/UIKit.framework; sourceTree = SDKROOT; };
		2860E325111B887F00E27156 /* ApplicationDelegate.h */ = {isa = PBXFileReference; fileEncoding = 4; lastKnownFileType = sourcecode.c.h; path = ApplicationDelegate.h; sourceTree = "<group>"; };
		2860E326111B887F00E27156 /* ApplicationDelegate.m */ = {isa = PBXFileReference; fileEncoding = 4; lastKnownFileType = sourcecode.c.objc; path = ApplicationDelegate.m; sourceTree = "<group>"; };
		29B97316FDCFA39411CA2CEA /* main.m */ = {isa = PBXFileReference; fileEncoding = 4; lastKnownFileType = sourcecode.c.objc; path = main.m; sourceTree = "<group>"; };
		32CA4F630368D1EE00C91783 /* BluetoothSwitcher_Prefix.pch */ = {isa = PBXFileReference; fileEncoding = 4; lastKnownFileType = sourcecode.c.h; path = BluetoothSwitcher_Prefix.pch; sourceTree = "<group>"; };
		6A6860C0129C2F5700992C02 /* BluetoothManager.h */ = {isa = PBXFileReference; fileEncoding = 4; lastKnownFileType = sourcecode.c.h; path = BluetoothManager.h; sourceTree = "<group>"; };
		6A68620E129C423300992C02 /* UIApplication+Private.h */ = {isa = PBXFileReference; fileEncoding = 4; path = "UIApplication+Private.h"; sourceTree = "<group>"; };
		6AAF12A612B8DDEB0010B874 /* Icon-72.png */ = {isa = PBXFileReference; lastKnownFileType = image.png; path = "Icon-72.png"; sourceTree = "<group>"; };
		6AAF12A712B8DDEC0010B874 /* Icon-Small-50.png */ = {isa = PBXFileReference; lastKnownFileType = image.png; path = "Icon-Small-50.png"; sourceTree = "<group>"; };
		6AAF12A812B8DDEC0010B874 /* Icon-Small.png */ = {isa = PBXFileReference; lastKnownFileType = image.png; path = "Icon-Small.png"; sourceTree = "<group>"; };
		6AAF12A912B8DDEC0010B874 /* Icon-Small@2x.png */ = {isa = PBXFileReference; lastKnownFileType = image.png; path = "Icon-Small@2x.png"; sourceTree = "<group>"; };
		6AAF12AA12B8DDEC0010B874 /* Icon.png */ = {isa = PBXFileReference; lastKnownFileType = image.png; path = Icon.png; sourceTree = "<group>"; };
		6AAF12AB12B8DDEC0010B874 /* Icon@2x.png */ = {isa = PBXFileReference; lastKnownFileType = image.png; path = "Icon@2x.png"; sourceTree = "<group>"; };
		6AAF12B212B8DE730010B874 /* Settings.bundle */ = {isa = PBXFileReference; lastKnownFileType = "wrapper.plug-in"; path = Settings.bundle; sourceTree = "<group>"; };
		6AC6C1CE129BE3FD00691D8C /* BluetoothManager.framework */ = {isa = PBXFileReference; lastKnownFileType = wrapper.framework; name = BluetoothManager.framework; path = System/Library/PrivateFrameworks/BluetoothManager.framework; sourceTree = SDKROOT; };
		8D1107310486CEB800E47090 /* BluetoothSwitcher-Info.plist */ = {isa = PBXFileReference; fileEncoding = 4; lastKnownFileType = text.plist.xml; path = "BluetoothSwitcher-Info.plist"; plistStructureDefinitionIdentifier = "com.apple.xcode.plist.structure-definition.iphone.info-plist"; sourceTree = "<group>"; };
/* End PBXFileReference section */

/* Begin PBXFrameworksBuildPhase section */
		1D60588F0D05DD3D006BFB54 /* Frameworks */ = {
			isa = PBXFrameworksBuildPhase;
			buildActionMask = 2147483647;
			files = (
				1D60589F0D05DD5A006BFB54 /* Foundation.framework in Frameworks */,
				1DF5F4E00D08C38300B7A737 /* UIKit.framework in Frameworks */,
				6AC6C1CF129BE3FD00691D8C /* BluetoothManager.framework in Frameworks */,
			);
			runOnlyForDeploymentPostprocessing = 0;
		};
/* End PBXFrameworksBuildPhase section */

/* Begin PBXGroup section */
		19C28FACFE9D520D11CA2CBB /* Products */ = {
			isa = PBXGroup;
			children = (
				1D6058910D05DD3D006BFB54 /* BluetoothSwitcher.app */,
			);
			name = Products;
			sourceTree = "<group>";
		};
		2860E324111B887F00E27156 /* Classes */ = {
			isa = PBXGroup;
			children = (
				6A68620E129C423300992C02 /* UIApplication+Private.h */,
				6A6860C0129C2F5700992C02 /* BluetoothManager.h */,
				2860E325111B887F00E27156 /* ApplicationDelegate.h */,
				2860E326111B887F00E27156 /* ApplicationDelegate.m */,
			);
			path = Classes;
			sourceTree = "<group>";
		};
		28EEBF621118D79A00187D67 /* Resources */ = {
			isa = PBXGroup;
			children = (
				6A686167129C3A4E00992C02 /* Icons */,
				6AAF12B212B8DE730010B874 /* Settings.bundle */,
				8D1107310486CEB800E47090 /* BluetoothSwitcher-Info.plist */,
			);
			name = Resources;
			sourceTree = "<group>";
		};
		29B97314FDCFA39411CA2CEA /* CustomTemplate */ = {
			isa = PBXGroup;
			children = (
				2860E324111B887F00E27156 /* Classes */,
				28EEBF621118D79A00187D67 /* Resources */,
				29B97315FDCFA39411CA2CEA /* Other Sources */,
				29B97323FDCFA39411CA2CEA /* Frameworks */,
				19C28FACFE9D520D11CA2CBB /* Products */,
			);
			name = CustomTemplate;
			sourceTree = "<group>";
		};
		29B97315FDCFA39411CA2CEA /* Other Sources */ = {
			isa = PBXGroup;
			children = (
				32CA4F630368D1EE00C91783 /* BluetoothSwitcher_Prefix.pch */,
				29B97316FDCFA39411CA2CEA /* main.m */,
			);
			name = "Other Sources";
			sourceTree = "<group>";
		};
		29B97323FDCFA39411CA2CEA /* Frameworks */ = {
			isa = PBXGroup;
			children = (
				6AC6C1CE129BE3FD00691D8C /* BluetoothManager.framework */,
				1DF5F4DF0D08C38300B7A737 /* UIKit.framework */,
				1D30AB110D05D00D00671497 /* Foundation.framework */,
			);
			name = Frameworks;
			sourceTree = "<group>";
		};
		6A686167129C3A4E00992C02 /* Icons */ = {
			isa = PBXGroup;
			children = (
				6AAF12AA12B8DDEC0010B874 /* Icon.png */,
				6AAF12AB12B8DDEC0010B874 /* Icon@2x.png */,
				6AAF12A612B8DDEB0010B874 /* Icon-72.png */,
				6AAF12A812B8DDEC0010B874 /* Icon-Small.png */,
				6AAF12A912B8DDEC0010B874 /* Icon-Small@2x.png */,
				6AAF12A712B8DDEC0010B874 /* Icon-Small-50.png */,
			);
			path = Icons;
			sourceTree = "<group>";
		};
/* End PBXGroup section */

/* Begin PBXNativeTarget section */
		1D6058900D05DD3D006BFB54 /* BluetoothSwitcher */ = {
			isa = PBXNativeTarget;
			buildConfigurationList = 1D6058960D05DD3E006BFB54 /* Build configuration list for PBXNativeTarget "BluetoothSwitcher" */;
			buildPhases = (
				1D60588D0D05DD3D006BFB54 /* Resources */,
				1D60588E0D05DD3D006BFB54 /* Sources */,
				1D60588F0D05DD3D006BFB54 /* Frameworks */,
			);
			buildRules = (
			);
			dependencies = (
			);
			name = BluetoothSwitcher;
			productName = Bluetooth;
			productReference = 1D6058910D05DD3D006BFB54 /* BluetoothSwitcher.app */;
			productType = "com.apple.product-type.application";
		};
/* End PBXNativeTarget section */

/* Begin PBXProject section */
		29B97313FDCFA39411CA2CEA /* Project object */ = {
			isa = PBXProject;
			attributes = {
				LastUpgradeCheck = 0430;
			};
			buildConfigurationList = C01FCF4E08A954540054247B /* Build configuration list for PBXProject "BluetoothSwitcher" */;
			compatibilityVersion = "Xcode 3.2";
			developmentRegion = English;
			hasScannedForEncodings = 1;
			knownRegions = (
				English,
				Japanese,
				French,
				German,
			);
			mainGroup = 29B97314FDCFA39411CA2CEA /* CustomTemplate */;
			projectDirPath = "";
			projectRoot = "";
			targets = (
				1D6058900D05DD3D006BFB54 /* BluetoothSwitcher */,
			);
		};
/* End PBXProject section */

/* Begin PBXResourcesBuildPhase section */
		1D60588D0D05DD3D006BFB54 /* Resources */ = {
			isa = PBXResourcesBuildPhase;
			buildActionMask = 2147483647;
			files = (
				6AAF12AC12B8DDED0010B874 /* Icon-72.png in Resources */,
				6AAF12AD12B8DDED0010B874 /* Icon-Small-50.png in Resources */,
				6AAF12AE12B8DDED0010B874 /* Icon-Small.png in Resources */,
				6AAF12AF12B8DDED0010B874 /* Icon-Small@2x.png in Resources */,
				6AAF12B012B8DDED0010B874 /* Icon.png in Resources */,
				6AAF12B112B8DDED0010B874 /* Icon@2x.png in Resources */,
				6AAF12B312B8DE730010B874 /* Settings.bundle in Resources */,
			);
			runOnlyForDeploymentPostprocessing = 0;
		};
/* End PBXResourcesBuildPhase section */

/* Begin PBXSourcesBuildPhase section */
		1D60588E0D05DD3D006BFB54 /* Sources */ = {
			isa = PBXSourcesBuildPhase;
			buildActionMask = 2147483647;
			files = (
				1D60589B0D05DD56006BFB54 /* main.m in Sources */,
				2860E328111B887F00E27156 /* ApplicationDelegate.m in Sources */,
			);
			runOnlyForDeploymentPostprocessing = 0;
		};
/* End PBXSourcesBuildPhase section */

/* Begin XCBuildConfiguration section */
		1D6058940D05DD3E006BFB54 /* Debug */ = {
			isa = XCBuildConfiguration;
			buildSettings = {
				ALWAYS_SEARCH_USER_PATHS = NO;
				COPY_PHASE_STRIP = NO;
				FRAMEWORK_SEARCH_PATHS = (
					"$(inherited)",
					"\"$(SDKROOT)$(SYSTEM_LIBRARY_DIR)/PrivateFrameworks\"",
				);
				GCC_DYNAMIC_NO_PIC = NO;
				GCC_OPTIMIZATION_LEVEL = 0;
				GCC_PRECOMPILE_PREFIX_HEADER = YES;
				GCC_PREFIX_HEADER = BluetoothSwitcher_Prefix.pch;
				INFOPLIST_FILE = "BluetoothSwitcher-Info.plist";
				PRODUCT_NAME = BluetoothSwitcher;
			};
			name = Debug;
		};
		1D6058950D05DD3E006BFB54 /* Release */ = {
			isa = XCBuildConfiguration;
			buildSettings = {
				ALWAYS_SEARCH_USER_PATHS = NO;
				COPY_PHASE_STRIP = YES;
				FRAMEWORK_SEARCH_PATHS = (
					"$(inherited)",
					"\"$(SDKROOT)$(SYSTEM_LIBRARY_DIR)/PrivateFrameworks\"",
				);
				GCC_PRECOMPILE_PREFIX_HEADER = YES;
				GCC_PREFIX_HEADER = BluetoothSwitcher_Prefix.pch;
				INFOPLIST_FILE = "BluetoothSwitcher-Info.plist";
				PRODUCT_NAME = BluetoothSwitcher;
				VALIDATE_PRODUCT = YES;
			};
			name = Release;
		};
		C01FCF4F08A954540054247B /* Debug */ = {
			isa = XCBuildConfiguration;
			buildSettings = {
				ARCHS = (
					"$(ARCHS_STANDARD_32_BIT)",
					armv6,
				);
				"CODE_SIGN_IDENTITY[sdk=iphoneos*]" = "iPhone Developer";
				GCC_C_LANGUAGE_STANDARD = c99;
				GCC_WARN_ABOUT_RETURN_TYPE = YES;
				GCC_WARN_UNUSED_VARIABLE = YES;
				IPHONEOS_DEPLOYMENT_TARGET = 3.0;
				"PROVISIONING_PROFILE[sdk=iphoneos*]" = "";
				SDKROOT = iphoneos;
				TARGETED_DEVICE_FAMILY = "1,2";
			};
			name = Debug;
		};
		C01FCF5008A954540054247B /* Release */ = {
			isa = XCBuildConfiguration;
			buildSettings = {
				ARCHS = (
					"$(ARCHS_STANDARD_32_BIT)",
					armv6,
				);
				"CODE_SIGN_IDENTITY[sdk=*]" = "iPhone Developer";
				GCC_C_LANGUAGE_STANDARD = c99;
				GCC_WARN_ABOUT_RETURN_TYPE = YES;
				GCC_WARN_UNUSED_VARIABLE = YES;
				IPHONEOS_DEPLOYMENT_TARGET = 3.0;
				OTHER_CFLAGS = "-DNS_BLOCK_ASSERTIONS=1";
				"PROVISIONING_PROFILE[sdk=*]" = "";
				SDKROOT = iphoneos;
				TARGETED_DEVICE_FAMILY = "1,2";
			};
			name = Release;
		};
/* End XCBuildConfiguration section */

/* Begin XCConfigurationList section */
		1D6058960D05DD3E006BFB54 /* Build configuration list for PBXNativeTarget "BluetoothSwitcher" */ = {
			isa = XCConfigurationList;
			buildConfigurations = (
				1D6058940D05DD3E006BFB54 /* Debug */,
				1D6058950D05DD3E006BFB54 /* Release */,
			);
			defaultConfigurationIsVisible = 0;
			defaultConfigurationName = Release;
		};
		C01FCF4E08A954540054247B /* Build configuration list for PBXProject "BluetoothSwitcher" */ = {
			isa = XCConfigurationList;
			buildConfigurations = (
				C01FCF4F08A954540054247B /* Debug */,
				C01FCF5008A954540054247B /* Release */,
			);
			defaultConfigurationIsVisible = 0;
			defaultConfigurationName = Release;
		};
/* End XCConfigurationList section */
	};
	rootObject = 29B97313FDCFA39411CA2CEA /* Project object */;
}
